// !$*UTF8*$!
{
	archiveVersion = 1;
	classes = {
	};
	objectVersion = 46;
	objects = {

/* Begin PBXBuildFile section */
		5F11D86A1D2818D600C59F46 /* DragView2.m in Sources */ = {isa = PBXBuildFile; fileRef = 5F11D8691D2818D600C59F46 /* DragView2.m */; };
		5F11D86F1D281A4000C59F46 /* circled.png in Resources */ = {isa = PBXBuildFile; fileRef = 5F11D86B1D281A4000C59F46 /* circled.png */; };
		5F11D8701D281A4000C59F46 /* deleteTitle.png in Resources */ = {isa = PBXBuildFile; fileRef = 5F11D86C1D281A4000C59F46 /* deleteTitle.png */; };
		5F11D8711D281A4000C59F46 /* scale.png in Resources */ = {isa = PBXBuildFile; fileRef = 5F11D86D1D281A4000C59F46 /* scale.png */; };
		5F11D8721D281A4000C59F46 /* scaled.png in Resources */ = {isa = PBXBuildFile; fileRef = 5F11D86E1D281A4000C59F46 /* scaled.png */; };
		5F6EE5DC1D27582800675CA1 /* main.m in Sources */ = {isa = PBXBuildFile; fileRef = 5F6EE5DB1D27582800675CA1 /* main.m */; };
		5F6EE5DF1D27582800675CA1 /* AppDelegate.m in Sources */ = {isa = PBXBuildFile; fileRef = 5F6EE5DE1D27582800675CA1 /* AppDelegate.m */; };
		5F6EE5E21D27582800675CA1 /* Demo1Controller.m in Sources */ = {isa = PBXBuildFile; fileRef = 5F6EE5E11D27582800675CA1 /* Demo1Controller.m */; };
		5F6EE5E51D27582800675CA1 /* Main.storyboard in Resources */ = {isa = PBXBuildFile; fileRef = 5F6EE5E31D27582800675CA1 /* Main.storyboard */; };
		5F6EE5E71D27582800675CA1 /* Assets.xcassets in Resources */ = {isa = PBXBuildFile; fileRef = 5F6EE5E61D27582800675CA1 /* Assets.xcassets */; };
		5F6EE5EA1D27582800675CA1 /* LaunchScreen.storyboard in Resources */ = {isa = PBXBuildFile; fileRef = 5F6EE5E81D27582800675CA1 /* LaunchScreen.storyboard */; };
		5F6EE5F41D27589B00675CA1 /* DragView.m in Sources */ = {isa = PBXBuildFile; fileRef = 5F6EE5F31D27589B00675CA1 /* DragView.m */; };
		5F6EE5FB1D2769CC00675CA1 /* 000.jpg in Resources */ = {isa = PBXBuildFile; fileRef = 5F6EE5F61D2769CC00675CA1 /* 000.jpg */; };
		5F6EE5FC1D2769CC00675CA1 /* 00008.png in Resources */ = {isa = PBXBuildFile; fileRef = 5F6EE5F71D2769CC00675CA1 /* 00008.png */; };
		5F6EE5FD1D2769CC00675CA1 /* 0001.png in Resources */ = {isa = PBXBuildFile; fileRef = 5F6EE5F81D2769CC00675CA1 /* 0001.png */; };
		5F6EE5FE1D2769CC00675CA1 /* 0002.png in Resources */ = {isa = PBXBuildFile; fileRef = 5F6EE5F91D2769CC00675CA1 /* 0002.png */; };
		5F6EE5FF1D2769CC00675CA1 /* 0003.png in Resources */ = {isa = PBXBuildFile; fileRef = 5F6EE5FA1D2769CC00675CA1 /* 0003.png */; };
		5FAC9A291D2801AD008C43BA /* TestViewController.m in Sources */ = {isa = PBXBuildFile; fileRef = 5FAC9A281D2801AD008C43BA /* TestViewController.m */; };
		5FAC9A2C1D2804D6008C43BA /* Demo2Controller.m in Sources */ = {isa = PBXBuildFile; fileRef = 5FAC9A2B1D2804D6008C43BA /* Demo2Controller.m */; };
/* End PBXBuildFile section */

/* Begin PBXFileReference section */
		5F11D8681D2818D600C59F46 /* DragView2.h */ = {isa = PBXFileReference; fileEncoding = 4; lastKnownFileType = sourcecode.c.h; path = DragView2.h; sourceTree = "<group>"; };
		5F11D8691D2818D600C59F46 /* DragView2.m */ = {isa = PBXFileReference; fileEncoding = 4; lastKnownFileType = sourcecode.c.objc; path = DragView2.m; sourceTree = "<group>"; };
		5F11D86B1D281A4000C59F46 /* circled.png */ = {isa = PBXFileReference; lastKnownFileType = image.png; path = circled.png; sourceTree = "<group>"; };
		5F11D86C1D281A4000C59F46 /* deleteTitle.png */ = {isa = PBXFileReference; lastKnownFileType = image.png; path = deleteTitle.png; sourceTree = "<group>"; };
		5F11D86D1D281A4000C59F46 /* scale.png */ = {isa = PBXFileReference; lastKnownFileType = image.png; path = scale.png; sourceTree = "<group>"; };
		5F11D86E1D281A4000C59F46 /* scaled.png */ = {isa = PBXFileReference; lastKnownFileType = image.png; path = scaled.png; sourceTree = "<group>"; };
		5F6EE5D71D27582800675CA1 /* testPng.app */ = {isa = PBXFileReference; explicitFileType = wrapper.application; includeInIndex = 0; path = testPng.app; sourceTree = BUILT_PRODUCTS_DIR; };
		5F6EE5DB1D27582800675CA1 /* main.m */ = {isa = PBXFileReference; lastKnownFileType = sourcecode.c.objc; path = main.m; sourceTree = "<group>"; };
		5F6EE5DD1D27582800675CA1 /* AppDelegate.h */ = {isa = PBXFileReference; lastKnownFileType = sourcecode.c.h; path = AppDelegate.h; sourceTree = "<group>"; };
		5F6EE5DE1D27582800675CA1 /* AppDelegate.m */ = {isa = PBXFileReference; lastKnownFileType = sourcecode.c.objc; path = AppDelegate.m; sourceTree = "<group>"; };
		5F6EE5E01D27582800675CA1 /* Demo1Controller.h */ = {isa = PBXFileReference; lastKnownFileType = sourcecode.c.h; path = Demo1Controller.h; sourceTree = "<group>"; };
		5F6EE5E11D27582800675CA1 /* Demo1Controller.m */ = {isa = PBXFileReference; lastKnownFileType = sourcecode.c.objc; path = Demo1Controller.m; sourceTree = "<group>"; };
		5F6EE5E41D27582800675CA1 /* Base */ = {isa = PBXFileReference; lastKnownFileType = file.storyboard; name = Base; path = Base.lproj/Main.storyboard; sourceTree = "<group>"; };
		5F6EE5E61D27582800675CA1 /* Assets.xcassets */ = {isa = PBXFileReference; lastKnownFileType = folder.assetcatalog; path = Assets.xcassets; sourceTree = "<group>"; };
		5F6EE5E91D27582800675CA1 /* Base */ = {isa = PBXFileReference; lastKnownFileType = file.storyboard; name = Base; path = Base.lproj/LaunchScreen.storyboard; sourceTree = "<group>"; };
		5F6EE5EB1D27582800675CA1 /* Info.plist */ = {isa = PBXFileReference; lastKnownFileType = text.plist.xml; path = Info.plist; sourceTree = "<group>"; };
		5F6EE5F21D27589B00675CA1 /* DragView.h */ = {isa = PBXFileReference; fileEncoding = 4; lastKnownFileType = sourcecode.c.h; path = DragView.h; sourceTree = "<group>"; };
		5F6EE5F31D27589B00675CA1 /* DragView.m */ = {isa = PBXFileReference; fileEncoding = 4; lastKnownFileType = sourcecode.c.objc; path = DragView.m; sourceTree = "<group>"; };
		5F6EE5F61D2769CC00675CA1 /* 000.jpg */ = {isa = PBXFileReference; lastKnownFileType = image.jpeg; path = 000.jpg; sourceTree = "<group>"; };
		5F6EE5F71D2769CC00675CA1 /* 00008.png */ = {isa = PBXFileReference; lastKnownFileType = image.png; path = 00008.png; sourceTree = "<group>"; };
		5F6EE5F81D2769CC00675CA1 /* 0001.png */ = {isa = PBXFileReference; lastKnownFileType = image.png; path = 0001.png; sourceTree = "<group>"; };
		5F6EE5F91D2769CC00675CA1 /* 0002.png */ = {isa = PBXFileReference; lastKnownFileType = image.png; path = 0002.png; sourceTree = "<group>"; };
		5F6EE5FA1D2769CC00675CA1 /* 0003.png */ = {isa = PBXFileReference; lastKnownFileType = image.png; path = 0003.png; sourceTree = "<group>"; };
		5FAC9A271D2801AD008C43BA /* TestViewController.h */ = {isa = PBXFileReference; fileEncoding = 4; lastKnownFileType = sourcecode.c.h; path = TestViewController.h; sourceTree = "<group>"; };
		5FAC9A281D2801AD008C43BA /* TestViewController.m */ = {isa = PBXFileReference; fileEncoding = 4; lastKnownFileType = sourcecode.c.objc; path = TestViewController.m; sourceTree = "<group>"; };
		5FAC9A2A1D2804D6008C43BA /* Demo2Controller.h */ = {isa = PBXFileReference; fileEncoding = 4; lastKnownFileType = sourcecode.c.h; path = Demo2Controller.h; sourceTree = "<group>"; };
		5FAC9A2B1D2804D6008C43BA /* Demo2Controller.m */ = {isa = PBXFileReference; fileEncoding = 4; lastKnownFileType = sourcecode.c.objc; path = Demo2Controller.m; sourceTree = "<group>"; };
/* End PBXFileReference section */

/* Begin PBXFrameworksBuildPhase section */
		5F6EE5D41D27582800675CA1 /* Frameworks */ = {
			isa = PBXFrameworksBuildPhase;
			buildActionMask = 2147483647;
			files = (
			);
			runOnlyForDeploymentPostprocessing = 0;
		};
/* End PBXFrameworksBuildPhase section */

/* Begin PBXGroup section */
		5F6EE5CE1D27582800675CA1 = {
			isa = PBXGroup;
			children = (
				5F6EE5D91D27582800675CA1 /* testPng */,
				5F6EE5D81D27582800675CA1 /* Products */,
			);
			sourceTree = "<group>";
		};
		5F6EE5D81D27582800675CA1 /* Products */ = {
			isa = PBXGroup;
			children = (
				5F6EE5D71D27582800675CA1 /* testPng.app */,
			);
			name = Products;
			sourceTree = "<group>";
		};
		5F6EE5D91D27582800675CA1 /* testPng */ = {
			isa = PBXGroup;
			children = (
				5F6EE5F51D2769CC00675CA1 /* Resources */,
				5F6EE5F11D27586000675CA1 /* DragView */,
				5F6EE5DD1D27582800675CA1 /* AppDelegate.h */,
				5F6EE5DE1D27582800675CA1 /* AppDelegate.m */,
				5F6EE5E01D27582800675CA1 /* Demo1Controller.h */,
				5F6EE5E11D27582800675CA1 /* Demo1Controller.m */,
				5FAC9A2A1D2804D6008C43BA /* Demo2Controller.h */,
				5FAC9A2B1D2804D6008C43BA /* Demo2Controller.m */,
				5FAC9A271D2801AD008C43BA /* TestViewController.h */,
				5FAC9A281D2801AD008C43BA /* TestViewController.m */,
				5F6EE5E31D27582800675CA1 /* Main.storyboard */,
				5F6EE5E61D27582800675CA1 /* Assets.xcassets */,
				5F6EE5E81D27582800675CA1 /* LaunchScreen.storyboard */,
				5F6EE5EB1D27582800675CA1 /* Info.plist */,
				5F6EE5DA1D27582800675CA1 /* Supporting Files */,
			);
			path = testPng;
			sourceTree = "<group>";
		};
		5F6EE5DA1D27582800675CA1 /* Supporting Files */ = {
			isa = PBXGroup;
			children = (
				5F6EE5DB1D27582800675CA1 /* main.m */,
			);
			name = "Supporting Files";
			sourceTree = "<group>";
		};
		5F6EE5F11D27586000675CA1 /* DragView */ = {
			isa = PBXGroup;
			children = (
				5F6EE5F21D27589B00675CA1 /* DragView.h */,
				5F6EE5F31D27589B00675CA1 /* DragView.m */,
				5F11D8681D2818D600C59F46 /* DragView2.h */,
				5F11D8691D2818D600C59F46 /* DragView2.m */,
			);
			name = DragView;
			sourceTree = "<group>";
		};
		5F6EE5F51D2769CC00675CA1 /* Resources */ = {
			isa = PBXGroup;
			children = (
				5F11D86B1D281A4000C59F46 /* circled.png */,
				5F11D86C1D281A4000C59F46 /* deleteTitle.png */,
				5F11D86D1D281A4000C59F46 /* scale.png */,
				5F11D86E1D281A4000C59F46 /* scaled.png */,
				5F6EE5F61D2769CC00675CA1 /* 000.jpg */,
				5F6EE5F71D2769CC00675CA1 /* 00008.png */,
				5F6EE5F81D2769CC00675CA1 /* 0001.png */,
				5F6EE5F91D2769CC00675CA1 /* 0002.png */,
				5F6EE5FA1D2769CC00675CA1 /* 0003.png */,
			);
			path = Resources;
			sourceTree = "<group>";
		};
/* End PBXGroup section */

/* Begin PBXNativeTarget section */
		5F6EE5D61D27582800675CA1 /* testPng */ = {
			isa = PBXNativeTarget;
			buildConfigurationList = 5F6EE5EE1D27582800675CA1 /* Build configuration list for PBXNativeTarget "testPng" */;
			buildPhases = (
				5F6EE5D31D27582800675CA1 /* Sources */,
				5F6EE5D41D27582800675CA1 /* Frameworks */,
				5F6EE5D51D27582800675CA1 /* Resources */,
			);
			buildRules = (
			);
			dependencies = (
			);
			name = testPng;
			productName = testPng;
			productReference = 5F6EE5D71D27582800675CA1 /* testPng.app */;
			productType = "com.apple.product-type.application";
		};
/* End PBXNativeTarget section */

/* Begin PBXProject section */
		5F6EE5CF1D27582800675CA1 /* Project object */ = {
			isa = PBXProject;
			attributes = {
				LastUpgradeCheck = 0730;
				ORGANIZATIONNAME = "小五哥学Swift";
				TargetAttributes = {
					5F6EE5D61D27582800675CA1 = {
						CreatedOnToolsVersion = 7.3.1;
					};
				};
			};
			buildConfigurationList = 5F6EE5D21D27582800675CA1 /* Build configuration list for PBXProject "testPng" */;
			compatibilityVersion = "Xcode 3.2";
			developmentRegion = English;
			hasScannedForEncodings = 0;
			knownRegions = (
				en,
				Base,
			);
			mainGroup = 5F6EE5CE1D27582800675CA1;
			productRefGroup = 5F6EE5D81D27582800675CA1 /* Products */;
			projectDirPath = "";
			projectRoot = "";
			targets = (
				5F6EE5D61D27582800675CA1 /* testPng */,
			);
		};
/* End PBXProject section */

/* Begin PBXResourcesBuildPhase section */
		5F6EE5D51D27582800675CA1 /* Resources */ = {
			isa = PBXResourcesBuildPhase;
			buildActionMask = 2147483647;
			files = (
				5F11D86F1D281A4000C59F46 /* circled.png in Resources */,
				5F6EE5FD1D2769CC00675CA1 /* 0001.png in Resources */,
				5F6EE5FE1D2769CC00675CA1 /* 0002.png in Resources */,
				5F11D8711D281A4000C59F46 /* scale.png in Resources */,
				5F6EE5EA1D27582800675CA1 /* LaunchScreen.storyboard in Resources */,
				5F6EE5E71D27582800675CA1 /* Assets.xcassets in Resources */,
				5F6EE5FB1D2769CC00675CA1 /* 000.jpg in Resources */,
				5F6EE5FC1D2769CC00675CA1 /* 00008.png in Resources */,
				5F11D8701D281A4000C59F46 /* deleteTitle.png in Resources */,
				5F11D8721D281A4000C59F46 /* scaled.png in Resources */,
				5F6EE5FF1D2769CC00675CA1 /* 0003.png in Resources */,
				5F6EE5E51D27582800675CA1 /* Main.storyboard in Resources */,
			);
			runOnlyForDeploymentPostprocessing = 0;
		};
/* End PBXResourcesBuildPhase section */

/* Begin PBXSourcesBuildPhase section */
		5F6EE5D31D27582800675CA1 /* Sources */ = {
			isa = PBXSourcesBuildPhase;
			buildActionMask = 2147483647;
			files = (
				5F11D86A1D2818D600C59F46 /* DragView2.m in Sources */,
				5F6EE5E21D27582800675CA1 /* Demo1Controller.m in Sources */,
				5F6EE5DF1D27582800675CA1 /* AppDelegate.m in Sources */,
				5F6EE5F41D27589B00675CA1 /* DragView.m in Sources */,
				5F6EE5DC1D27582800675CA1 /* main.m in Sources */,
				5FAC9A291D2801AD008C43BA /* TestViewController.m in Sources */,
				5FAC9A2C1D2804D6008C43BA /* Demo2Controller.m in Sources */,
			);
			runOnlyForDeploymentPostprocessing = 0;
		};
/* End PBXSourcesBuildPhase section */

/* Begin PBXVariantGroup section */
		5F6EE5E31D27582800675CA1 /* Main.storyboard */ = {
			isa = PBXVariantGroup;
			children = (
				5F6EE5E41D27582800675CA1 /* Base */,
			);
			name = Main.storyboard;
			sourceTree = "<group>";
		};
		5F6EE5E81D27582800675CA1 /* LaunchScreen.storyboard */ = {
			isa = PBXVariantGroup;
			children = (
				5F6EE5E91D27582800675CA1 /* Base */,
			);
			name = LaunchScreen.storyboard;
			sourceTree = "<group>";
		};
/* End PBXVariantGroup section */

/* Begin XCBuildConfiguration section */
		5F6EE5EC1D27582800675CA1 /* Debug */ = {
			isa = XCBuildConfiguration;
			buildSettings = {
				ALWAYS_SEARCH_USER_PATHS = NO;
				CLANG_ANALYZER_NONNULL = YES;
				CLANG_CXX_LANGUAGE_STANDARD = "gnu++0x";
				CLANG_CXX_LIBRARY = "libc++";
				CLANG_ENABLE_MODULES = YES;
				CLANG_ENABLE_OBJC_ARC = YES;
				CLANG_WARN_BOOL_CONVERSION = YES;
				CLANG_WARN_CONSTANT_CONVERSION = YES;
				CLANG_WARN_DIRECT_OBJC_ISA_USAGE = YES_ERROR;
				CLANG_WARN_EMPTY_BODY = YES;
				CLANG_WARN_ENUM_CONVERSION = YES;
				CLANG_WARN_INT_CONVERSION = YES;
				CLANG_WARN_OBJC_ROOT_CLASS = YES_ERROR;
				CLANG_WARN_UNREACHABLE_CODE = YES;
				CLANG_WARN__DUPLICATE_METHOD_MATCH = YES;
				"CODE_SIGN_IDENTITY[sdk=iphoneos*]" = "iPhone Developer";
				COPY_PHASE_STRIP = NO;
				DEBUG_INFORMATION_FORMAT = dwarf;
				ENABLE_STRICT_OBJC_MSGSEND = YES;
				ENABLE_TESTABILITY = YES;
				GCC_C_LANGUAGE_STANDARD = gnu99;
				GCC_DYNAMIC_NO_PIC = NO;
				GCC_NO_COMMON_BLOCKS = YES;
				GCC_OPTIMIZATION_LEVEL = 0;
				GCC_PREPROCESSOR_DEFINITIONS = (
					"DEBUG=1",
					"$(inherited)",
				);
				GCC_WARN_64_TO_32_BIT_CONVERSION = YES;
				GCC_WARN_ABOUT_RETURN_TYPE = YES_ERROR;
				GCC_WARN_UNDECLARED_SELECTOR = YES;
				GCC_WARN_UNINITIALIZED_AUTOS = YES_AGGRESSIVE;
				GCC_WARN_UNUSED_FUNCTION = YES;
				GCC_WARN_UNUSED_VARIABLE = YES;
				IPHONEOS_DEPLOYMENT_TARGET = 9.3;
				MTL_ENABLE_DEBUG_INFO = YES;
				ONLY_ACTIVE_ARCH = YES;
				SDKROOT = iphoneos;
			};
			name = Debug;
		};
		5F6EE5ED1D27582800675CA1 /* Release */ = {
			isa = XCBuildConfiguration;
			buildSettings = {
				ALWAYS_SEARCH_USER_PATHS = NO;
				CLANG_ANALYZER_NONNULL = YES;
				CLANG_CXX_LANGUAGE_STANDARD = "gnu++0x";
				CLANG_CXX_LIBRARY = "libc++";
				CLANG_ENABLE_MODULES = YES;
				CLANG_ENABLE_OBJC_ARC = YES;
				CLANG_WARN_BOOL_CONVERSION = YES;
				CLANG_WARN_CONSTANT_CONVERSION = YES;
				CLANG_WARN_DIRECT_OBJC_ISA_USAGE = YES_ERROR;
				CLANG_WARN_EMPTY_BODY = YES;
				CLANG_WARN_ENUM_CONVERSION = YES;
				CLANG_WARN_INT_CONVERSION = YES;
				CLANG_WARN_OBJC_ROOT_CLASS = YES_ERROR;
				CLANG_WARN_UNREACHABLE_CODE = YES;
				CLANG_WARN__DUPLICATE_METHOD_MATCH = YES;
				"CODE_SIGN_IDENTITY[sdk=iphoneos*]" = "iPhone Developer";
				COPY_PHASE_STRIP = NO;
				DEBUG_INFORMATION_FORMAT = "dwarf-with-dsym";
				ENABLE_NS_ASSERTIONS = NO;
				ENABLE_STRICT_OBJC_MSGSEND = YES;
				GCC_C_LANGUAGE_STANDARD = gnu99;
				GCC_NO_COMMON_BLOCKS = YES;
				GCC_WARN_64_TO_32_BIT_CONVERSION = YES;
				GCC_WARN_ABOUT_RETURN_TYPE = YES_ERROR;
				GCC_WARN_UNDECLARED_SELECTOR = YES;
				GCC_WARN_UNINITIALIZED_AUTOS = YES_AGGRESSIVE;
				GCC_WARN_UNUSED_FUNCTION = YES;
				GCC_WARN_UNUSED_VARIABLE = YES;
				IPHONEOS_DEPLOYMENT_TARGET = 9.3;
				MTL_ENABLE_DEBUG_INFO = NO;
				SDKROOT = iphoneos;
				VALIDATE_PRODUCT = YES;
			};
			name = Release;
		};
		5F6EE5EF1D27582800675CA1 /* Debug */ = {
			isa = XCBuildConfiguration;
			buildSettings = {
				ASSETCATALOG_COMPILER_APPICON_NAME = AppIcon;
				INFOPLIST_FILE = testPng/Info.plist;
				LD_RUNPATH_SEARCH_PATHS = "$(inherited) @executable_path/Frameworks";
				PRODUCT_BUNDLE_IDENTIFIER = com.awx.testPng;
				PRODUCT_NAME = "$(TARGET_NAME)";
				TARGETED_DEVICE_FAMILY = 2;
			};
			name = Debug;
		};
		5F6EE5F01D27582800675CA1 /* Release */ = {
			isa = XCBuildConfiguration;
			buildSettings = {
				ASSETCATALOG_COMPILER_APPICON_NAME = AppIcon;
				INFOPLIST_FILE = testPng/Info.plist;
				LD_RUNPATH_SEARCH_PATHS = "$(inherited) @executable_path/Frameworks";
				PRODUCT_BUNDLE_IDENTIFIER = com.awx.testPng;
				PRODUCT_NAME = "$(TARGET_NAME)";
				TARGETED_DEVICE_FAMILY = 2;
			};
			name = Release;
		};
/* End XCBuildConfiguration section */

/* Begin XCConfigurationList section */
		5F6EE5D21D27582800675CA1 /* Build configuration list for PBXProject "testPng" */ = {
			isa = XCConfigurationList;
			buildConfigurations = (
				5F6EE5EC1D27582800675CA1 /* Debug */,
				5F6EE5ED1D27582800675CA1 /* Release */,
			);
			defaultConfigurationIsVisible = 0;
			defaultConfigurationName = Release;
		};
		5F6EE5EE1D27582800675CA1 /* Build configuration list for PBXNativeTarget "testPng" */ = {
			isa = XCConfigurationList;
			buildConfigurations = (
				5F6EE5EF1D27582800675CA1 /* Debug */,
				5F6EE5F01D27582800675CA1 /* Release */,
			);
			defaultConfigurationIsVisible = 0;
			defaultConfigurationName = Release;
		};
/* End XCConfigurationList section */
	};
	rootObject = 5F6EE5CF1D27582800675CA1 /* Project object */;
}
